// !$*UTF8*$!
{
	archiveVersion = 1;
	classes = {
	};
	objectVersion = 52;
	objects = {

/* Begin PBXBuildFile section */
		300850382456BF930086BAB1 /* FinanceCalcultorController.swift in Sources */ = {isa = PBXBuildFile; fileRef = 300850372456BF930086BAB1 /* FinanceCalcultorController.swift */; };
		300DF4EE24600203000804E9 /* CustomCell.swift in Sources */ = {isa = PBXBuildFile; fileRef = 300DF4EC24600203000804E9 /* CustomCell.swift */; };
		300DF4EF24600203000804E9 /* CustomCell.xib in Resources */ = {isa = PBXBuildFile; fileRef = 300DF4ED24600203000804E9 /* CustomCell.xib */; };
		30448CE3246D3FE0006CECC3 /* DividentDiscountViewController.swift in Sources */ = {isa = PBXBuildFile; fileRef = 30448CE2246D3FE0006CECC3 /* DividentDiscountViewController.swift */; };
		30448CE5246D42C1006CECC3 /* ModelDetailsViewController.swift in Sources */ = {isa = PBXBuildFile; fileRef = 30448CE4246D42C1006CECC3 /* ModelDetailsViewController.swift */; };
		30448CE7246D459B006CECC3 /* ValuationModels.swift in Sources */ = {isa = PBXBuildFile; fileRef = 30448CE6246D459B006CECC3 /* ValuationModels.swift */; };
		306CA4642450A2DC004AC689 /* AppDelegate.swift in Sources */ = {isa = PBXBuildFile; fileRef = 306CA4632450A2DC004AC689 /* AppDelegate.swift */; };
		306CA4662450A2DC004AC689 /* SceneDelegate.swift in Sources */ = {isa = PBXBuildFile; fileRef = 306CA4652450A2DC004AC689 /* SceneDelegate.swift */; };
		306CA4682450A2DC004AC689 /* BasicCalculatorViewController.swift in Sources */ = {isa = PBXBuildFile; fileRef = 306CA4672450A2DC004AC689 /* BasicCalculatorViewController.swift */; };
		306CA46B2450A2DC004AC689 /* Main.storyboard in Resources */ = {isa = PBXBuildFile; fileRef = 306CA4692450A2DC004AC689 /* Main.storyboard */; };
		306CA46D2450A2DD004AC689 /* Assets.xcassets in Resources */ = {isa = PBXBuildFile; fileRef = 306CA46C2450A2DD004AC689 /* Assets.xcassets */; };
		306CA4702450A2DD004AC689 /* LaunchScreen.storyboard in Resources */ = {isa = PBXBuildFile; fileRef = 306CA46E2450A2DD004AC689 /* LaunchScreen.storyboard */; };
		307176FF2452C6B3009DDD5F /* BasicCalculator.swift in Sources */ = {isa = PBXBuildFile; fileRef = 307176FE2452C6B3009DDD5F /* BasicCalculator.swift */; };
		308631D12460EFB800CEA1B9 /* LoanTableViewViewController.swift in Sources */ = {isa = PBXBuildFile; fileRef = 308631D02460EFB800CEA1B9 /* LoanTableViewViewController.swift */; };
		308D9F6C246BBE4000D522F6 /* IQKeyboardManagerSwift in Frameworks */ = {isa = PBXBuildFile; productRef = 308D9F6B246BBE4000D522F6 /* IQKeyboardManagerSwift */; };
		309424B2246D211E0041E016 /* ValuationViewController.swift in Sources */ = {isa = PBXBuildFile; fileRef = 309424B1246D211E0041E016 /* ValuationViewController.swift */; };
		30B85AAF24581583001ADBA0 /* LoansViewController.swift in Sources */ = {isa = PBXBuildFile; fileRef = 30B85AAE24581583001ADBA0 /* LoansViewController.swift */; };
		30B85AB12458453A001ADBA0 /* LoanCalculator.swift in Sources */ = {isa = PBXBuildFile; fileRef = 30B85AB02458453A001ADBA0 /* LoanCalculator.swift */; };
		30F6C71124664F38000C5118 /* PresentValue.swift in Sources */ = {isa = PBXBuildFile; fileRef = 30F6C71024664F38000C5118 /* PresentValue.swift */; };
/* End PBXBuildFile section */

/* Begin PBXFileReference section */
		300850372456BF930086BAB1 /* FinanceCalcultorController.swift */ = {isa = PBXFileReference; lastKnownFileType = sourcecode.swift; path = FinanceCalcultorController.swift; sourceTree = "<group>"; };
		300DF4EC24600203000804E9 /* CustomCell.swift */ = {isa = PBXFileReference; lastKnownFileType = sourcecode.swift; path = CustomCell.swift; sourceTree = "<group>"; };
		300DF4ED24600203000804E9 /* CustomCell.xib */ = {isa = PBXFileReference; lastKnownFileType = file.xib; path = CustomCell.xib; sourceTree = "<group>"; };
		30448CE2246D3FE0006CECC3 /* DividentDiscountViewController.swift */ = {isa = PBXFileReference; lastKnownFileType = sourcecode.swift; path = DividentDiscountViewController.swift; sourceTree = "<group>"; };
		30448CE4246D42C1006CECC3 /* ModelDetailsViewController.swift */ = {isa = PBXFileReference; lastKnownFileType = sourcecode.swift; path = ModelDetailsViewController.swift; sourceTree = "<group>"; };
		30448CE6246D459B006CECC3 /* ValuationModels.swift */ = {isa = PBXFileReference; lastKnownFileType = sourcecode.swift; path = ValuationModels.swift; sourceTree = "<group>"; };
		306CA4602450A2DC004AC689 /* FInancialCalculator.app */ = {isa = PBXFileReference; explicitFileType = wrapper.application; includeInIndex = 0; path = FInancialCalculator.app; sourceTree = BUILT_PRODUCTS_DIR; };
		306CA4632450A2DC004AC689 /* AppDelegate.swift */ = {isa = PBXFileReference; lastKnownFileType = sourcecode.swift; path = AppDelegate.swift; sourceTree = "<group>"; };
		306CA4652450A2DC004AC689 /* SceneDelegate.swift */ = {isa = PBXFileReference; lastKnownFileType = sourcecode.swift; path = SceneDelegate.swift; sourceTree = "<group>"; };
		306CA4672450A2DC004AC689 /* BasicCalculatorViewController.swift */ = {isa = PBXFileReference; lastKnownFileType = sourcecode.swift; path = BasicCalculatorViewController.swift; sourceTree = "<group>"; };
		306CA46A2450A2DC004AC689 /* Base */ = {isa = PBXFileReference; lastKnownFileType = file.storyboard; name = Base; path = Base.lproj/Main.storyboard; sourceTree = "<group>"; };
		306CA46C2450A2DD004AC689 /* Assets.xcassets */ = {isa = PBXFileReference; lastKnownFileType = folder.assetcatalog; path = Assets.xcassets; sourceTree = "<group>"; };
		306CA46F2450A2DD004AC689 /* Base */ = {isa = PBXFileReference; lastKnownFileType = file.storyboard; name = Base; path = Base.lproj/LaunchScreen.storyboard; sourceTree = "<group>"; };
		306CA4712450A2DD004AC689 /* Info.plist */ = {isa = PBXFileReference; lastKnownFileType = text.plist.xml; path = Info.plist; sourceTree = "<group>"; };
		307176FE2452C6B3009DDD5F /* BasicCalculator.swift */ = {isa = PBXFileReference; lastKnownFileType = sourcecode.swift; path = BasicCalculator.swift; sourceTree = "<group>"; };
		308631D02460EFB800CEA1B9 /* LoanTableViewViewController.swift */ = {isa = PBXFileReference; lastKnownFileType = sourcecode.swift; path = LoanTableViewViewController.swift; sourceTree = "<group>"; };
		309424B1246D211E0041E016 /* ValuationViewController.swift */ = {isa = PBXFileReference; lastKnownFileType = sourcecode.swift; path = ValuationViewController.swift; sourceTree = "<group>"; };
		30B85AAE24581583001ADBA0 /* LoansViewController.swift */ = {isa = PBXFileReference; lastKnownFileType = sourcecode.swift; path = LoansViewController.swift; sourceTree = "<group>"; };
		30B85AB02458453A001ADBA0 /* LoanCalculator.swift */ = {isa = PBXFileReference; lastKnownFileType = sourcecode.swift; path = LoanCalculator.swift; sourceTree = "<group>"; };
		30F6C71024664F38000C5118 /* PresentValue.swift */ = {isa = PBXFileReference; lastKnownFileType = sourcecode.swift; path = PresentValue.swift; sourceTree = "<group>"; };
/* End PBXFileReference section */

/* Begin PBXFrameworksBuildPhase section */
		306CA45D2450A2DC004AC689 /* Frameworks */ = {
			isa = PBXFrameworksBuildPhase;
			buildActionMask = 2147483647;
			files = (
				308D9F6C246BBE4000D522F6 /* IQKeyboardManagerSwift in Frameworks */,
			);
			runOnlyForDeploymentPostprocessing = 0;
		};
/* End PBXFrameworksBuildPhase section */

/* Begin PBXGroup section */
		305800E3245174170040D964 /* View */ = {
			isa = PBXGroup;
			children = (
				306CA4692450A2DC004AC689 /* Main.storyboard */,
				300DF4EC24600203000804E9 /* CustomCell.swift */,
				300DF4ED24600203000804E9 /* CustomCell.xib */,
			);
			path = View;
			sourceTree = "<group>";
		};
		305800E4245174210040D964 /* Controller */ = {
			isa = PBXGroup;
			children = (
				306CA4672450A2DC004AC689 /* BasicCalculatorViewController.swift */,
				300850372456BF930086BAB1 /* FinanceCalcultorController.swift */,
				30B85AAE24581583001ADBA0 /* LoansViewController.swift */,
				308631D02460EFB800CEA1B9 /* LoanTableViewViewController.swift */,
				309424B1246D211E0041E016 /* ValuationViewController.swift */,
				30448CE2246D3FE0006CECC3 /* DividentDiscountViewController.swift */,
				30448CE4246D42C1006CECC3 /* ModelDetailsViewController.swift */,
			);
			path = Controller;
			sourceTree = "<group>";
		};
		306CA4572450A2DC004AC689 = {
			isa = PBXGroup;
			children = (
				306CA4622450A2DC004AC689 /* FInancialCalculator */,
				306CA4612450A2DC004AC689 /* Products */,
			);
			sourceTree = "<group>";
		};
		306CA4612450A2DC004AC689 /* Products */ = {
			isa = PBXGroup;
			children = (
				306CA4602450A2DC004AC689 /* FInancialCalculator.app */,
			);
			name = Products;
			sourceTree = "<group>";
		};
		306CA4622450A2DC004AC689 /* FInancialCalculator */ = {
			isa = PBXGroup;
			children = (
				306CA4632450A2DC004AC689 /* AppDelegate.swift */,
				306CA4652450A2DC004AC689 /* SceneDelegate.swift */,
				307177002452C6C3009DDD5F /* Models */,
				305800E4245174210040D964 /* Controller */,
				305800E3245174170040D964 /* View */,
				306CA46C2450A2DD004AC689 /* Assets.xcassets */,
				306CA46E2450A2DD004AC689 /* LaunchScreen.storyboard */,
				306CA4712450A2DD004AC689 /* Info.plist */,
			);
			path = FInancialCalculator;
			sourceTree = "<group>";
		};
		307177002452C6C3009DDD5F /* Models */ = {
			isa = PBXGroup;
			children = (
				307176FE2452C6B3009DDD5F /* BasicCalculator.swift */,
				30B85AB02458453A001ADBA0 /* LoanCalculator.swift */,
				30F6C71024664F38000C5118 /* PresentValue.swift */,
				30448CE6246D459B006CECC3 /* ValuationModels.swift */,
			);
			path = Models;
			sourceTree = "<group>";
		};
/* End PBXGroup section */

/* Begin PBXNativeTarget section */
		306CA45F2450A2DC004AC689 /* FInancialCalculator */ = {
			isa = PBXNativeTarget;
			buildConfigurationList = 306CA4742450A2DD004AC689 /* Build configuration list for PBXNativeTarget "FInancialCalculator" */;
			buildPhases = (
				306CA45C2450A2DC004AC689 /* Sources */,
				306CA45D2450A2DC004AC689 /* Frameworks */,
				306CA45E2450A2DC004AC689 /* Resources */,
			);
			buildRules = (
			);
			dependencies = (
			);
			name = FInancialCalculator;
			packageProductDependencies = (
				308D9F6B246BBE4000D522F6 /* IQKeyboardManagerSwift */,
			);
			productName = FInancialCalculator;
			productReference = 306CA4602450A2DC004AC689 /* FInancialCalculator.app */;
			productType = "com.apple.product-type.application";
		};
/* End PBXNativeTarget section */

/* Begin PBXProject section */
		306CA4582450A2DC004AC689 /* Project object */ = {
			isa = PBXProject;
			attributes = {
				LastSwiftUpdateCheck = 1140;
				LastUpgradeCheck = 1140;
				ORGANIZATIONNAME = "James Thang";
				TargetAttributes = {
					306CA45F2450A2DC004AC689 = {
						CreatedOnToolsVersion = 11.4.1;
					};
				};
			};
			buildConfigurationList = 306CA45B2450A2DC004AC689 /* Build configuration list for PBXProject "FInancialCalculator" */;
			compatibilityVersion = "Xcode 9.3";
			developmentRegion = en;
			hasScannedForEncodings = 0;
			knownRegions = (
				en,
				Base,
			);
			mainGroup = 306CA4572450A2DC004AC689;
			packageReferences = (
				308D9F6A246BBE4000D522F6 /* XCRemoteSwiftPackageReference "IQKeyboardManager" */,
			);
			productRefGroup = 306CA4612450A2DC004AC689 /* Products */;
			projectDirPath = "";
			projectRoot = "";
			targets = (
				306CA45F2450A2DC004AC689 /* FInancialCalculator */,
			);
		};
/* End PBXProject section */

/* Begin PBXResourcesBuildPhase section */
		306CA45E2450A2DC004AC689 /* Resources */ = {
			isa = PBXResourcesBuildPhase;
			buildActionMask = 2147483647;
			files = (
				306CA4702450A2DD004AC689 /* LaunchScreen.storyboard in Resources */,
				306CA46D2450A2DD004AC689 /* Assets.xcassets in Resources */,
				300DF4EF24600203000804E9 /* CustomCell.xib in Resources */,
				306CA46B2450A2DC004AC689 /* Main.storyboard in Resources */,
			);
			runOnlyForDeploymentPostprocessing = 0;
		};
/* End PBXResourcesBuildPhase section */

/* Begin PBXSourcesBuildPhase section */
		306CA45C2450A2DC004AC689 /* Sources */ = {
			isa = PBXSourcesBuildPhase;
			buildActionMask = 2147483647;
			files = (
				30B85AB12458453A001ADBA0 /* LoanCalculator.swift in Sources */,
				307176FF2452C6B3009DDD5F /* BasicCalculator.swift in Sources */,
				30448CE3246D3FE0006CECC3 /* DividentDiscountViewController.swift in Sources */,
				306CA4682450A2DC004AC689 /* BasicCalculatorViewController.swift in Sources */,
				308631D12460EFB800CEA1B9 /* LoanTableViewViewController.swift in Sources */,
				30448CE5246D42C1006CECC3 /* ModelDetailsViewController.swift in Sources */,
				309424B2246D211E0041E016 /* ValuationViewController.swift in Sources */,
				300DF4EE24600203000804E9 /* CustomCell.swift in Sources */,
				306CA4642450A2DC004AC689 /* AppDelegate.swift in Sources */,
				300850382456BF930086BAB1 /* FinanceCalcultorController.swift in Sources */,
				30B85AAF24581583001ADBA0 /* LoansViewController.swift in Sources */,
				30448CE7246D459B006CECC3 /* ValuationModels.swift in Sources */,
				306CA4662450A2DC004AC689 /* SceneDelegate.swift in Sources */,
				30F6C71124664F38000C5118 /* PresentValue.swift in Sources */,
			);
			runOnlyForDeploymentPostprocessing = 0;
		};
/* End PBXSourcesBuildPhase section */

/* Begin PBXVariantGroup section */
		306CA4692450A2DC004AC689 /* Main.storyboard */ = {
			isa = PBXVariantGroup;
			children = (
				306CA46A2450A2DC004AC689 /* Base */,
			);
			name = Main.storyboard;
			sourceTree = "<group>";
		};
		306CA46E2450A2DD004AC689 /* LaunchScreen.storyboard */ = {
			isa = PBXVariantGroup;
			children = (
				306CA46F2450A2DD004AC689 /* Base */,
			);
			name = LaunchScreen.storyboard;
			sourceTree = "<group>";
		};
/* End PBXVariantGroup section */

/* Begin XCBuildConfiguration section */
		306CA4722450A2DD004AC689 /* Debug */ = {
			isa = XCBuildConfiguration;
			buildSettings = {
				ALWAYS_SEARCH_USER_PATHS = NO;
				CLANG_ANALYZER_NONNULL = YES;
				CLANG_ANALYZER_NUMBER_OBJECT_CONVERSION = YES_AGGRESSIVE;
				CLANG_CXX_LANGUAGE_STANDARD = "gnu++14";
				CLANG_CXX_LIBRARY = "libc++";
				CLANG_ENABLE_MODULES = YES;
				CLANG_ENABLE_OBJC_ARC = YES;
				CLANG_ENABLE_OBJC_WEAK = YES;
				CLANG_WARN_BLOCK_CAPTURE_AUTORELEASING = YES;
				CLANG_WARN_BOOL_CONVERSION = YES;
				CLANG_WARN_COMMA = YES;
				CLANG_WARN_CONSTANT_CONVERSION = YES;
				CLANG_WARN_DEPRECATED_OBJC_IMPLEMENTATIONS = YES;
				CLANG_WARN_DIRECT_OBJC_ISA_USAGE = YES_ERROR;
				CLANG_WARN_DOCUMENTATION_COMMENTS = YES;
				CLANG_WARN_EMPTY_BODY = YES;
				CLANG_WARN_ENUM_CONVERSION = YES;
				CLANG_WARN_INFINITE_RECURSION = YES;
				CLANG_WARN_INT_CONVERSION = YES;
				CLANG_WARN_NON_LITERAL_NULL_CONVERSION = YES;
				CLANG_WARN_OBJC_IMPLICIT_RETAIN_SELF = YES;
				CLANG_WARN_OBJC_LITERAL_CONVERSION = YES;
				CLANG_WARN_OBJC_ROOT_CLASS = YES_ERROR;
				CLANG_WARN_RANGE_LOOP_ANALYSIS = YES;
				CLANG_WARN_STRICT_PROTOTYPES = YES;
				CLANG_WARN_SUSPICIOUS_MOVE = YES;
				CLANG_WARN_UNGUARDED_AVAILABILITY = YES_AGGRESSIVE;
				CLANG_WARN_UNREACHABLE_CODE = YES;
				CLANG_WARN__DUPLICATE_METHOD_MATCH = YES;
				COPY_PHASE_STRIP = NO;
				DEBUG_INFORMATION_FORMAT = dwarf;
				ENABLE_STRICT_OBJC_MSGSEND = YES;
				ENABLE_TESTABILITY = YES;
				GCC_C_LANGUAGE_STANDARD = gnu11;
				GCC_DYNAMIC_NO_PIC = NO;
				GCC_NO_COMMON_BLOCKS = YES;
				GCC_OPTIMIZATION_LEVEL = 0;
				GCC_PREPROCESSOR_DEFINITIONS = (
					"DEBUG=1",
					"$(inherited)",
				);
				GCC_WARN_64_TO_32_BIT_CONVERSION = YES;
				GCC_WARN_ABOUT_RETURN_TYPE = YES_ERROR;
				GCC_WARN_UNDECLARED_SELECTOR = YES;
				GCC_WARN_UNINITIALIZED_AUTOS = YES_AGGRESSIVE;
				GCC_WARN_UNUSED_FUNCTION = YES;
				GCC_WARN_UNUSED_VARIABLE = YES;
				IPHONEOS_DEPLOYMENT_TARGET = 13.4;
				MTL_ENABLE_DEBUG_INFO = INCLUDE_SOURCE;
				MTL_FAST_MATH = YES;
				ONLY_ACTIVE_ARCH = YES;
				SDKROOT = iphoneos;
				SWIFT_ACTIVE_COMPILATION_CONDITIONS = DEBUG;
				SWIFT_OPTIMIZATION_LEVEL = "-Onone";
			};
			name = Debug;
		};
		306CA4732450A2DD004AC689 /* Release */ = {
			isa = XCBuildConfiguration;
			buildSettings = {
				ALWAYS_SEARCH_USER_PATHS = NO;
				CLANG_ANALYZER_NONNULL = YES;
				CLANG_ANALYZER_NUMBER_OBJECT_CONVERSION = YES_AGGRESSIVE;
				CLANG_CXX_LANGUAGE_STANDARD = "gnu++14";
				CLANG_CXX_LIBRARY = "libc++";
				CLANG_ENABLE_MODULES = YES;
				CLANG_ENABLE_OBJC_ARC = YES;
				CLANG_ENABLE_OBJC_WEAK = YES;
				CLANG_WARN_BLOCK_CAPTURE_AUTORELEASING = YES;
				CLANG_WARN_BOOL_CONVERSION = YES;
				CLANG_WARN_COMMA = YES;
				CLANG_WARN_CONSTANT_CONVERSION = YES;
				CLANG_WARN_DEPRECATED_OBJC_IMPLEMENTATIONS = YES;
				CLANG_WARN_DIRECT_OBJC_ISA_USAGE = YES_ERROR;
				CLANG_WARN_DOCUMENTATION_COMMENTS = YES;
				CLANG_WARN_EMPTY_BODY = YES;
				CLANG_WARN_ENUM_CONVERSION = YES;
				CLANG_WARN_INFINITE_RECURSION = YES;
				CLANG_WARN_INT_CONVERSION = YES;
				CLANG_WARN_NON_LITERAL_NULL_CONVERSION = YES;
				CLANG_WARN_OBJC_IMPLICIT_RETAIN_SELF = YES;
				CLANG_WARN_OBJC_LITERAL_CONVERSION = YES;
				CLANG_WARN_OBJC_ROOT_CLASS = YES_ERROR;
				CLANG_WARN_RANGE_LOOP_ANALYSIS = YES;
				CLANG_WARN_STRICT_PROTOTYPES = YES;
				CLANG_WARN_SUSPICIOUS_MOVE = YES;
				CLANG_WARN_UNGUARDED_AVAILABILITY = YES_AGGRESSIVE;
				CLANG_WARN_UNREACHABLE_CODE = YES;
				CLANG_WARN__DUPLICATE_METHOD_MATCH = YES;
				COPY_PHASE_STRIP = NO;
				DEBUG_INFORMATION_FORMAT = "dwarf-with-dsym";
				ENABLE_NS_ASSERTIONS = NO;
				ENABLE_STRICT_OBJC_MSGSEND = YES;
				GCC_C_LANGUAGE_STANDARD = gnu11;
				GCC_NO_COMMON_BLOCKS = YES;
				GCC_WARN_64_TO_32_BIT_CONVERSION = YES;
				GCC_WARN_ABOUT_RETURN_TYPE = YES_ERROR;
				GCC_WARN_UNDECLARED_SELECTOR = YES;
				GCC_WARN_UNINITIALIZED_AUTOS = YES_AGGRESSIVE;
				GCC_WARN_UNUSED_FUNCTION = YES;
				GCC_WARN_UNUSED_VARIABLE = YES;
				IPHONEOS_DEPLOYMENT_TARGET = 13.4;
				MTL_ENABLE_DEBUG_INFO = NO;
				MTL_FAST_MATH = YES;
				SDKROOT = iphoneos;
				SWIFT_COMPILATION_MODE = wholemodule;
				SWIFT_OPTIMIZATION_LEVEL = "-O";
				VALIDATE_PRODUCT = YES;
			};
			name = Release;
		};
		306CA4752450A2DD004AC689 /* Debug */ = {
			isa = XCBuildConfiguration;
			buildSettings = {
				ASSETCATALOG_COMPILER_APPICON_NAME = AppIcon;
				CODE_SIGN_STYLE = Automatic;
				DEVELOPMENT_TEAM = S6PBH98WG5;
				INFOPLIST_FILE = FInancialCalculator/Info.plist;
				IPHONEOS_DEPLOYMENT_TARGET = 13.0;
				LD_RUNPATH_SEARCH_PATHS = (
					"$(inherited)",
					"@executable_path/Frameworks",
				);
				PRODUCT_BUNDLE_IDENTIFIER = com.jamesthang.FInancialCalculator;
				PRODUCT_NAME = "$(TARGET_NAME)";
				SWIFT_VERSION = 5.0;
				TARGETED_DEVICE_FAMILY = "1,2";
			};
			name = Debug;
		};
		306CA4762450A2DD004AC689 /* Release */ = {
			isa = XCBuildConfiguration;
			buildSettings = {
				ASSETCATALOG_COMPILER_APPICON_NAME = AppIcon;
				CODE_SIGN_STYLE = Automatic;
				DEVELOPMENT_TEAM = S6PBH98WG5;
				INFOPLIST_FILE = FInancialCalculator/Info.plist;
				IPHONEOS_DEPLOYMENT_TARGET = 13.0;
				LD_RUNPATH_SEARCH_PATHS = (
					"$(inherited)",
					"@executable_path/Frameworks",
				);
				PRODUCT_BUNDLE_IDENTIFIER = com.jamesthang.FInancialCalculator;
				PRODUCT_NAME = "$(TARGET_NAME)";
				SWIFT_VERSION = 5.0;
				TARGETED_DEVICE_FAMILY = "1,2";
			};
			name = Release;
		};
/* End XCBuildConfiguration section */

/* Begin XCConfigurationList section */
		306CA45B2450A2DC004AC689 /* Build configuration list for PBXProject "FInancialCalculator" */ = {
			isa = XCConfigurationList;
			buildConfigurations = (
				306CA4722450A2DD004AC689 /* Debug */,
				306CA4732450A2DD004AC689 /* Release */,
			);
			defaultConfigurationIsVisible = 0;
			defaultConfigurationName = Release;
		};
		306CA4742450A2DD004AC689 /* Build configuration list for PBXNativeTarget "FInancialCalculator" */ = {
			isa = XCConfigurationList;
			buildConfigurations = (
				306CA4752450A2DD004AC689 /* Debug */,
				306CA4762450A2DD004AC689 /* Release */,
			);
			defaultConfigurationIsVisible = 0;
			defaultConfigurationName = Release;
		};
/* End XCConfigurationList section */

/* Begin XCRemoteSwiftPackageReference section */
		308D9F6A246BBE4000D522F6 /* XCRemoteSwiftPackageReference "IQKeyboardManager" */ = {
			isa = XCRemoteSwiftPackageReference;
			repositoryURL = "https://github.com/hackiftekhar/IQKeyboardManager";
			requirement = {
				kind = upToNextMajorVersion;
				minimumVersion = 6.5.5;
			};
		};
/* End XCRemoteSwiftPackageReference section */

/* Begin XCSwiftPackageProductDependency section */
		308D9F6B246BBE4000D522F6 /* IQKeyboardManagerSwift */ = {
			isa = XCSwiftPackageProductDependency;
			package = 308D9F6A246BBE4000D522F6 /* XCRemoteSwiftPackageReference "IQKeyboardManager" */;
			productName = IQKeyboardManagerSwift;
		};
/* End XCSwiftPackageProductDependency section */
	};
	rootObject = 306CA4582450A2DC004AC689 /* Project object */;
}
